
Microsoft Visual Studio Solution File, Format Version 12.00
# Visual Studio Version 17
VisualStudioVersion = 17.0.32112.339
MinimumVisualStudioVersion = 10.0.40219.1
Project("{FAE04EC0-301F-11D3-BF4B-00C04F79EFBC}") = "CurrencyRates.Ui", "CurrencyRates.Ui\CurrencyRates.Ui.csproj", "{521CE257-1D1E-4018-B1F9-A8B591EC9A76}"
EndProject
Project("{FAE04EC0-301F-11D3-BF4B-00C04F79EFBC}") = "CurrencyRates.BusinessLogic", "CurrencyRates.BusinessLogic\CurrencyRates.BusinessLogic.csproj", "{290EBF0B-0F16-40B8-B3CC-F3F456D58B92}"
EndProject
Project("{FAE04EC0-301F-11D3-BF4B-00C04F79EFBC}") = "CurrencyRates.Data", "CurrencyRates.Data\CurrencyRates.Data.csproj", "{12212109-BA26-4D88-923E-9D855FF7225B}"
EndProject
Project("{FAE04EC0-301F-11D3-BF4B-00C04F79EFBC}") = "CurrencyRates.Configuration", "CurrencyRates.Configuration\CurrencyRates.Configuration.csproj", "{37DB919B-9E97-4E44-BDE5-660423226780}"
EndProject
Project("{FAE04EC0-301F-11D3-BF4B-00C04F79EFBC}") = "CurrencyRates.BusinessLogic.Implementation", "CurrencyRates.BusinessLogic.Implementation\CurrencyRates.BusinessLogic.Implementation.csproj", "{80022EAC-020F-4ECB-8397-F83A819E14FF}"
EndProject
Project("{FAE04EC0-301F-11D3-BF4B-00C04F79EFBC}") = "CurrencyRates.Container", "CurrencyRates.Container\CurrencyRates.Container.csproj", "{F4818B34-D2CE-41EC-85FB-A12D402EEB9C}"
EndProject
Project("{FAE04EC0-301F-11D3-BF4B-00C04F79EFBC}") = "CurrencyRates.Ui.ViewModels", "CurrencyRates.Ui.ViewModels\CurrencyRates.Ui.ViewModels.csproj", "{A1F856C4-BB69-4929-A41B-6C988C80371C}"
EndProject
Project("{FAE04EC0-301F-11D3-BF4B-00C04F79EFBC}") = "CurrencyRates.Ui.ViewModels.Implementation", "CurrencyRates.Ui.ViewModels.Implementation\CurrencyRates.Ui.ViewModels.Implementation.csproj", "{ACEE75D5-775B-4541-B73E-7B9FD44E81F5}"
EndProject
Project("{FAE04EC0-301F-11D3-BF4B-00C04F79EFBC}") = "CurrencyRates.Configuration.Implementation", "CurrencyRates.Configuration.Implementation\CurrencyRates.Configuration.Implementation.csproj", "{D353D2D4-03CB-4EBF-BB35-305D3C9E3111}"
EndProject
Project("{FAE04EC0-301F-11D3-BF4B-00C04F79EFBC}") = "CurrencyRates.Data.Implementation", "CurrencyRates.Data.Implementation\CurrencyRates.Data.Implementation.csproj", "{1305782D-55EC-449D-84A6-F54784E695F1}"
EndProject
Project("{FAE04EC0-301F-11D3-BF4B-00C04F79EFBC}") = "CurrencyRates.Ui.ViewModels.Implementation.Tests", "CurrencyRates.Ui.ViewModels.Implementation.Tests\CurrencyRates.Ui.ViewModels.Implementation.Tests.csproj", "{BE6AFFCB-AFA1-4DAD-8595-BA58B2A5BA8E}"
EndProject
Project("{FAE04EC0-301F-11D3-BF4B-00C04F79EFBC}") = "CurrencyRates.BusinessLogic.Implementation.Tests", "CurrencyRates.BusinessLogic.Implementation.Tests\CurrencyRates.BusinessLogic.Implementation.Tests.csproj", "{868FBAEA-91E7-4461-9C09-29DAEDC3CA14}"
EndProject
Global
	GlobalSection(SolutionConfigurationPlatforms) = preSolution
		Debug|Any CPU = Debug|Any CPU
		Debug|ARM = Debug|ARM
		Debug|ARM64 = Debug|ARM64
		Debug|x64 = Debug|x64
		Debug|x86 = Debug|x86
		Release|Any CPU = Release|Any CPU
		Release|ARM = Release|ARM
		Release|ARM64 = Release|ARM64
		Release|x64 = Release|x64
		Release|x86 = Release|x86
	EndGlobalSection
	GlobalSection(ProjectConfigurationPlatforms) = postSolution
		{521CE257-1D1E-4018-B1F9-A8B591EC9A76}.Debug|Any CPU.ActiveCfg = Debug|x64
		{521CE257-1D1E-4018-B1F9-A8B591EC9A76}.Debug|Any CPU.Build.0 = Debug|x64
		{521CE257-1D1E-4018-B1F9-A8B591EC9A76}.Debug|Any CPU.Deploy.0 = Debug|x64
		{521CE257-1D1E-4018-B1F9-A8B591EC9A76}.Debug|ARM.ActiveCfg = Debug|ARM
		{521CE257-1D1E-4018-B1F9-A8B591EC9A76}.Debug|ARM.Build.0 = Debug|ARM
		{521CE257-1D1E-4018-B1F9-A8B591EC9A76}.Debug|ARM.Deploy.0 = Debug|ARM
		{521CE257-1D1E-4018-B1F9-A8B591EC9A76}.Debug|ARM64.ActiveCfg = Debug|ARM64
		{521CE257-1D1E-4018-B1F9-A8B591EC9A76}.Debug|ARM64.Build.0 = Debug|ARM64
		{521CE257-1D1E-4018-B1F9-A8B591EC9A76}.Debug|ARM64.Deploy.0 = Debug|ARM64
		{521CE257-1D1E-4018-B1F9-A8B591EC9A76}.Debug|x64.ActiveCfg = Debug|x64
		{521CE257-1D1E-4018-B1F9-A8B591EC9A76}.Debug|x64.Build.0 = Debug|x64
		{521CE257-1D1E-4018-B1F9-A8B591EC9A76}.Debug|x64.Deploy.0 = Debug|x64
		{521CE257-1D1E-4018-B1F9-A8B591EC9A76}.Debug|x86.ActiveCfg = Debug|x86
		{521CE257-1D1E-4018-B1F9-A8B591EC9A76}.Debug|x86.Build.0 = Debug|x86
		{521CE257-1D1E-4018-B1F9-A8B591EC9A76}.Debug|x86.Deploy.0 = Debug|x86
		{521CE257-1D1E-4018-B1F9-A8B591EC9A76}.Release|Any CPU.ActiveCfg = Release|x64
		{521CE257-1D1E-4018-B1F9-A8B591EC9A76}.Release|Any CPU.Build.0 = Release|x64
		{521CE257-1D1E-4018-B1F9-A8B591EC9A76}.Release|Any CPU.Deploy.0 = Release|x64
		{521CE257-1D1E-4018-B1F9-A8B591EC9A76}.Release|ARM.ActiveCfg = Release|ARM
		{521CE257-1D1E-4018-B1F9-A8B591EC9A76}.Release|ARM.Build.0 = Release|ARM
		{521CE257-1D1E-4018-B1F9-A8B591EC9A76}.Release|ARM.Deploy.0 = Release|ARM
		{521CE257-1D1E-4018-B1F9-A8B591EC9A76}.Release|ARM64.ActiveCfg = Release|ARM64
		{521CE257-1D1E-4018-B1F9-A8B591EC9A76}.Release|ARM64.Build.0 = Release|ARM64
		{521CE257-1D1E-4018-B1F9-A8B591EC9A76}.Release|ARM64.Deploy.0 = Release|ARM64
		{521CE257-1D1E-4018-B1F9-A8B591EC9A76}.Release|x64.ActiveCfg = Release|x64
		{521CE257-1D1E-4018-B1F9-A8B591EC9A76}.Release|x64.Build.0 = Release|x64
		{521CE257-1D1E-4018-B1F9-A8B591EC9A76}.Release|x64.Deploy.0 = Release|x64
		{521CE257-1D1E-4018-B1F9-A8B591EC9A76}.Release|x86.ActiveCfg = Release|x86
		{521CE257-1D1E-4018-B1F9-A8B591EC9A76}.Release|x86.Build.0 = Release|x86
		{521CE257-1D1E-4018-B1F9-A8B591EC9A76}.Release|x86.Deploy.0 = Release|x86
		{290EBF0B-0F16-40B8-B3CC-F3F456D58B92}.Debug|Any CPU.ActiveCfg = Debug|Any CPU
		{290EBF0B-0F16-40B8-B3CC-F3F456D58B92}.Debug|Any CPU.Build.0 = Debug|Any CPU
		{290EBF0B-0F16-40B8-B3CC-F3F456D58B92}.Debug|ARM.ActiveCfg = Debug|ARM
		{290EBF0B-0F16-40B8-B3CC-F3F456D58B92}.Debug|ARM.Build.0 = Debug|ARM
		{290EBF0B-0F16-40B8-B3CC-F3F456D58B92}.Debug|ARM64.ActiveCfg = Debug|ARM64
		{290EBF0B-0F16-40B8-B3CC-F3F456D58B92}.Debug|ARM64.Build.0 = Debug|ARM64
		{290EBF0B-0F16-40B8-B3CC-F3F456D58B92}.Debug|x64.ActiveCfg = Debug|x64
		{290EBF0B-0F16-40B8-B3CC-F3F456D58B92}.Debug|x64.Build.0 = Debug|x64
		{290EBF0B-0F16-40B8-B3CC-F3F456D58B92}.Debug|x86.ActiveCfg = Debug|x86
		{290EBF0B-0F16-40B8-B3CC-F3F456D58B92}.Debug|x86.Build.0 = Debug|x86
		{290EBF0B-0F16-40B8-B3CC-F3F456D58B92}.Release|Any CPU.ActiveCfg = Release|Any CPU
		{290EBF0B-0F16-40B8-B3CC-F3F456D58B92}.Release|Any CPU.Build.0 = Release|Any CPU
		{290EBF0B-0F16-40B8-B3CC-F3F456D58B92}.Release|ARM.ActiveCfg = Release|ARM
		{290EBF0B-0F16-40B8-B3CC-F3F456D58B92}.Release|ARM.Build.0 = Release|ARM
		{290EBF0B-0F16-40B8-B3CC-F3F456D58B92}.Release|ARM64.ActiveCfg = Release|ARM64
		{290EBF0B-0F16-40B8-B3CC-F3F456D58B92}.Release|ARM64.Build.0 = Release|ARM64
		{290EBF0B-0F16-40B8-B3CC-F3F456D58B92}.Release|x64.ActiveCfg = Release|x64
		{290EBF0B-0F16-40B8-B3CC-F3F456D58B92}.Release|x64.Build.0 = Release|x64
		{290EBF0B-0F16-40B8-B3CC-F3F456D58B92}.Release|x86.ActiveCfg = Release|x86
		{290EBF0B-0F16-40B8-B3CC-F3F456D58B92}.Release|x86.Build.0 = Release|x86
		{12212109-BA26-4D88-923E-9D855FF7225B}.Debug|Any CPU.ActiveCfg = Debug|Any CPU
		{12212109-BA26-4D88-923E-9D855FF7225B}.Debug|Any CPU.Build.0 = Debug|Any CPU
		{12212109-BA26-4D88-923E-9D855FF7225B}.Debug|ARM.ActiveCfg = Debug|ARM
		{12212109-BA26-4D88-923E-9D855FF7225B}.Debug|ARM.Build.0 = Debug|ARM
		{12212109-BA26-4D88-923E-9D855FF7225B}.Debug|ARM64.ActiveCfg = Debug|ARM64
		{12212109-BA26-4D88-923E-9D855FF7225B}.Debug|ARM64.Build.0 = Debug|ARM64
		{12212109-BA26-4D88-923E-9D855FF7225B}.Debug|x64.ActiveCfg = Debug|x64
		{12212109-BA26-4D88-923E-9D855FF7225B}.Debug|x64.Build.0 = Debug|x64
		{12212109-BA26-4D88-923E-9D855FF7225B}.Debug|x86.ActiveCfg = Debug|x86
		{12212109-BA26-4D88-923E-9D855FF7225B}.Debug|x86.Build.0 = Debug|x86
		{12212109-BA26-4D88-923E-9D855FF7225B}.Release|Any CPU.ActiveCfg = Release|Any CPU
		{12212109-BA26-4D88-923E-9D855FF7225B}.Release|Any CPU.Build.0 = Release|Any CPU
		{12212109-BA26-4D88-923E-9D855FF7225B}.Release|ARM.ActiveCfg = Release|ARM
		{12212109-BA26-4D88-923E-9D855FF7225B}.Release|ARM.Build.0 = Release|ARM
		{12212109-BA26-4D88-923E-9D855FF7225B}.Release|ARM64.ActiveCfg = Release|ARM64
		{12212109-BA26-4D88-923E-9D855FF7225B}.Release|ARM64.Build.0 = Release|ARM64
		{12212109-BA26-4D88-923E-9D855FF7225B}.Release|x64.ActiveCfg = Release|x64
		{12212109-BA26-4D88-923E-9D855FF7225B}.Release|x64.Build.0 = Release|x64
		{12212109-BA26-4D88-923E-9D855FF7225B}.Release|x86.ActiveCfg = Release|x86
		{12212109-BA26-4D88-923E-9D855FF7225B}.Release|x86.Build.0 = Release|x86
		{37DB919B-9E97-4E44-BDE5-660423226780}.Debug|Any CPU.ActiveCfg = Debug|Any CPU
		{37DB919B-9E97-4E44-BDE5-660423226780}.Debug|Any CPU.Build.0 = Debug|Any CPU
		{37DB919B-9E97-4E44-BDE5-660423226780}.Debug|ARM.ActiveCfg = Debug|ARM
		{37DB919B-9E97-4E44-BDE5-660423226780}.Debug|ARM.Build.0 = Debug|ARM
		{37DB919B-9E97-4E44-BDE5-660423226780}.Debug|ARM64.ActiveCfg = Debug|ARM64
		{37DB919B-9E97-4E44-BDE5-660423226780}.Debug|ARM64.Build.0 = Debug|ARM64
		{37DB919B-9E97-4E44-BDE5-660423226780}.Debug|x64.ActiveCfg = Debug|x64
		{37DB919B-9E97-4E44-BDE5-660423226780}.Debug|x64.Build.0 = Debug|x64
		{37DB919B-9E97-4E44-BDE5-660423226780}.Debug|x86.ActiveCfg = Debug|x86
		{37DB919B-9E97-4E44-BDE5-660423226780}.Debug|x86.Build.0 = Debug|x86
		{37DB919B-9E97-4E44-BDE5-660423226780}.Release|Any CPU.ActiveCfg = Release|Any CPU
		{37DB919B-9E97-4E44-BDE5-660423226780}.Release|Any CPU.Build.0 = Release|Any CPU
		{37DB919B-9E97-4E44-BDE5-660423226780}.Release|ARM.ActiveCfg = Release|ARM
		{37DB919B-9E97-4E44-BDE5-660423226780}.Release|ARM.Build.0 = Release|ARM
		{37DB919B-9E97-4E44-BDE5-660423226780}.Release|ARM64.ActiveCfg = Release|ARM64
		{37DB919B-9E97-4E44-BDE5-660423226780}.Release|ARM64.Build.0 = Release|ARM64
		{37DB919B-9E97-4E44-BDE5-660423226780}.Release|x64.ActiveCfg = Release|x64
		{37DB919B-9E97-4E44-BDE5-660423226780}.Release|x64.Build.0 = Release|x64
		{37DB919B-9E97-4E44-BDE5-660423226780}.Release|x86.ActiveCfg = Release|x86
		{37DB919B-9E97-4E44-BDE5-660423226780}.Release|x86.Build.0 = Release|x86
		{80022EAC-020F-4ECB-8397-F83A819E14FF}.Debug|Any CPU.ActiveCfg = Debug|Any CPU
		{80022EAC-020F-4ECB-8397-F83A819E14FF}.Debug|Any CPU.Build.0 = Debug|Any CPU
		{80022EAC-020F-4ECB-8397-F83A819E14FF}.Debug|ARM.ActiveCfg = Debug|ARM
		{80022EAC-020F-4ECB-8397-F83A819E14FF}.Debug|ARM.Build.0 = Debug|ARM
		{80022EAC-020F-4ECB-8397-F83A819E14FF}.Debug|ARM64.ActiveCfg = Debug|ARM64
		{80022EAC-020F-4ECB-8397-F83A819E14FF}.Debug|ARM64.Build.0 = Debug|ARM64
		{80022EAC-020F-4ECB-8397-F83A819E14FF}.Debug|x64.ActiveCfg = Debug|x64
		{80022EAC-020F-4ECB-8397-F83A819E14FF}.Debug|x64.Build.0 = Debug|x64
		{80022EAC-020F-4ECB-8397-F83A819E14FF}.Debug|x86.ActiveCfg = Debug|x86
		{80022EAC-020F-4ECB-8397-F83A819E14FF}.Debug|x86.Build.0 = Debug|x86
		{80022EAC-020F-4ECB-8397-F83A819E14FF}.Release|Any CPU.ActiveCfg = Release|Any CPU
		{80022EAC-020F-4ECB-8397-F83A819E14FF}.Release|Any CPU.Build.0 = Release|Any CPU
		{80022EAC-020F-4ECB-8397-F83A819E14FF}.Release|ARM.ActiveCfg = Release|ARM
		{80022EAC-020F-4ECB-8397-F83A819E14FF}.Release|ARM.Build.0 = Release|ARM
		{80022EAC-020F-4ECB-8397-F83A819E14FF}.Release|ARM64.ActiveCfg = Release|ARM64
		{80022EAC-020F-4ECB-8397-F83A819E14FF}.Release|ARM64.Build.0 = Release|ARM64
		{80022EAC-020F-4ECB-8397-F83A819E14FF}.Release|x64.ActiveCfg = Release|x64
		{80022EAC-020F-4ECB-8397-F83A819E14FF}.Release|x64.Build.0 = Release|x64
		{80022EAC-020F-4ECB-8397-F83A819E14FF}.Release|x86.ActiveCfg = Release|x86
		{80022EAC-020F-4ECB-8397-F83A819E14FF}.Release|x86.Build.0 = Release|x86
		{F4818B34-D2CE-41EC-85FB-A12D402EEB9C}.Debug|Any CPU.ActiveCfg = Debug|Any CPU
		{F4818B34-D2CE-41EC-85FB-A12D402EEB9C}.Debug|Any CPU.Build.0 = Debug|Any CPU
		{F4818B34-D2CE-41EC-85FB-A12D402EEB9C}.Debug|ARM.ActiveCfg = Debug|ARM
		{F4818B34-D2CE-41EC-85FB-A12D402EEB9C}.Debug|ARM.Build.0 = Debug|ARM
		{F4818B34-D2CE-41EC-85FB-A12D402EEB9C}.Debug|ARM64.ActiveCfg = Debug|ARM64
		{F4818B34-D2CE-41EC-85FB-A12D402EEB9C}.Debug|ARM64.Build.0 = Debug|ARM64
		{F4818B34-D2CE-41EC-85FB-A12D402EEB9C}.Debug|x64.ActiveCfg = Debug|x64
		{F4818B34-D2CE-41EC-85FB-A12D402EEB9C}.Debug|x64.Build.0 = Debug|x64
		{F4818B34-D2CE-41EC-85FB-A12D402EEB9C}.Debug|x86.ActiveCfg = Debug|x86
		{F4818B34-D2CE-41EC-85FB-A12D402EEB9C}.Debug|x86.Build.0 = Debug|x86
		{F4818B34-D2CE-41EC-85FB-A12D402EEB9C}.Release|Any CPU.ActiveCfg = Release|Any CPU
		{F4818B34-D2CE-41EC-85FB-A12D402EEB9C}.Release|Any CPU.Build.0 = Release|Any CPU
		{F4818B34-D2CE-41EC-85FB-A12D402EEB9C}.Release|ARM.ActiveCfg = Release|ARM
		{F4818B34-D2CE-41EC-85FB-A12D402EEB9C}.Release|ARM.Build.0 = Release|ARM
		{F4818B34-D2CE-41EC-85FB-A12D402EEB9C}.Release|ARM64.ActiveCfg = Release|ARM64
		{F4818B34-D2CE-41EC-85FB-A12D402EEB9C}.Release|ARM64.Build.0 = Release|ARM64
		{F4818B34-D2CE-41EC-85FB-A12D402EEB9C}.Release|x64.ActiveCfg = Release|x64
		{F4818B34-D2CE-41EC-85FB-A12D402EEB9C}.Release|x64.Build.0 = Release|x64
		{F4818B34-D2CE-41EC-85FB-A12D402EEB9C}.Release|x86.ActiveCfg = Release|x86
		{F4818B34-D2CE-41EC-85FB-A12D402EEB9C}.Release|x86.Build.0 = Release|x86
		{A1F856C4-BB69-4929-A41B-6C988C80371C}.Debug|Any CPU.ActiveCfg = Debug|Any CPU
		{A1F856C4-BB69-4929-A41B-6C988C80371C}.Debug|Any CPU.Build.0 = Debug|Any CPU
		{A1F856C4-BB69-4929-A41B-6C988C80371C}.Debug|ARM.ActiveCfg = Debug|ARM
		{A1F856C4-BB69-4929-A41B-6C988C80371C}.Debug|ARM.Build.0 = Debug|ARM
		{A1F856C4-BB69-4929-A41B-6C988C80371C}.Debug|ARM64.ActiveCfg = Debug|ARM64
		{A1F856C4-BB69-4929-A41B-6C988C80371C}.Debug|ARM64.Build.0 = Debug|ARM64
		{A1F856C4-BB69-4929-A41B-6C988C80371C}.Debug|x64.ActiveCfg = Debug|x64
		{A1F856C4-BB69-4929-A41B-6C988C80371C}.Debug|x64.Build.0 = Debug|x64
		{A1F856C4-BB69-4929-A41B-6C988C80371C}.Debug|x86.ActiveCfg = Debug|x86
		{A1F856C4-BB69-4929-A41B-6C988C80371C}.Debug|x86.Build.0 = Debug|x86
		{A1F856C4-BB69-4929-A41B-6C988C80371C}.Release|Any CPU.ActiveCfg = Release|Any CPU
		{A1F856C4-BB69-4929-A41B-6C988C80371C}.Release|Any CPU.Build.0 = Release|Any CPU
		{A1F856C4-BB69-4929-A41B-6C988C80371C}.Release|ARM.ActiveCfg = Release|ARM
		{A1F856C4-BB69-4929-A41B-6C988C80371C}.Release|ARM.Build.0 = Release|ARM
		{A1F856C4-BB69-4929-A41B-6C988C80371C}.Release|ARM64.ActiveCfg = Release|ARM64
		{A1F856C4-BB69-4929-A41B-6C988C80371C}.Release|ARM64.Build.0 = Release|ARM64
		{A1F856C4-BB69-4929-A41B-6C988C80371C}.Release|x64.ActiveCfg = Release|x64
		{A1F856C4-BB69-4929-A41B-6C988C80371C}.Release|x64.Build.0 = Release|x64
		{A1F856C4-BB69-4929-A41B-6C988C80371C}.Release|x86.ActiveCfg = Release|x86
		{A1F856C4-BB69-4929-A41B-6C988C80371C}.Release|x86.Build.0 = Release|x86
		{ACEE75D5-775B-4541-B73E-7B9FD44E81F5}.Debug|Any CPU.ActiveCfg = Debug|Any CPU
		{ACEE75D5-775B-4541-B73E-7B9FD44E81F5}.Debug|Any CPU.Build.0 = Debug|Any CPU
		{ACEE75D5-775B-4541-B73E-7B9FD44E81F5}.Debug|ARM.ActiveCfg = Debug|ARM
		{ACEE75D5-775B-4541-B73E-7B9FD44E81F5}.Debug|ARM.Build.0 = Debug|ARM
		{ACEE75D5-775B-4541-B73E-7B9FD44E81F5}.Debug|ARM64.ActiveCfg = Debug|ARM64
		{ACEE75D5-775B-4541-B73E-7B9FD44E81F5}.Debug|ARM64.Build.0 = Debug|ARM64
		{ACEE75D5-775B-4541-B73E-7B9FD44E81F5}.Debug|x64.ActiveCfg = Debug|x64
		{ACEE75D5-775B-4541-B73E-7B9FD44E81F5}.Debug|x64.Build.0 = Debug|x64
		{ACEE75D5-775B-4541-B73E-7B9FD44E81F5}.Debug|x86.ActiveCfg = Debug|x86
		{ACEE75D5-775B-4541-B73E-7B9FD44E81F5}.Debug|x86.Build.0 = Debug|x86
		{ACEE75D5-775B-4541-B73E-7B9FD44E81F5}.Release|Any CPU.ActiveCfg = Release|Any CPU
		{ACEE75D5-775B-4541-B73E-7B9FD44E81F5}.Release|Any CPU.Build.0 = Release|Any CPU
		{ACEE75D5-775B-4541-B73E-7B9FD44E81F5}.Release|ARM.ActiveCfg = Release|ARM
		{ACEE75D5-775B-4541-B73E-7B9FD44E81F5}.Release|ARM.Build.0 = Release|ARM
		{ACEE75D5-775B-4541-B73E-7B9FD44E81F5}.Release|ARM64.ActiveCfg = Release|ARM64
		{ACEE75D5-775B-4541-B73E-7B9FD44E81F5}.Release|ARM64.Build.0 = Release|ARM64
		{ACEE75D5-775B-4541-B73E-7B9FD44E81F5}.Release|x64.ActiveCfg = Release|x64
		{ACEE75D5-775B-4541-B73E-7B9FD44E81F5}.Release|x64.Build.0 = Release|x64
		{ACEE75D5-775B-4541-B73E-7B9FD44E81F5}.Release|x86.ActiveCfg = Release|x86
		{ACEE75D5-775B-4541-B73E-7B9FD44E81F5}.Release|x86.Build.0 = Release|x86
		{D353D2D4-03CB-4EBF-BB35-305D3C9E3111}.Debug|Any CPU.ActiveCfg = Debug|Any CPU
		{D353D2D4-03CB-4EBF-BB35-305D3C9E3111}.Debug|Any CPU.Build.0 = Debug|Any CPU
		{D353D2D4-03CB-4EBF-BB35-305D3C9E3111}.Debug|ARM.ActiveCfg = Debug|ARM
		{D353D2D4-03CB-4EBF-BB35-305D3C9E3111}.Debug|ARM.Build.0 = Debug|ARM
		{D353D2D4-03CB-4EBF-BB35-305D3C9E3111}.Debug|ARM64.ActiveCfg = Debug|ARM64
		{D353D2D4-03CB-4EBF-BB35-305D3C9E3111}.Debug|ARM64.Build.0 = Debug|ARM64
		{D353D2D4-03CB-4EBF-BB35-305D3C9E3111}.Debug|x64.ActiveCfg = Debug|x64
		{D353D2D4-03CB-4EBF-BB35-305D3C9E3111}.Debug|x64.Build.0 = Debug|x64
		{D353D2D4-03CB-4EBF-BB35-305D3C9E3111}.Debug|x86.ActiveCfg = Debug|x86
		{D353D2D4-03CB-4EBF-BB35-305D3C9E3111}.Debug|x86.Build.0 = Debug|x86
		{D353D2D4-03CB-4EBF-BB35-305D3C9E3111}.Release|Any CPU.ActiveCfg = Release|Any CPU
		{D353D2D4-03CB-4EBF-BB35-305D3C9E3111}.Release|Any CPU.Build.0 = Release|Any CPU
		{D353D2D4-03CB-4EBF-BB35-305D3C9E3111}.Release|ARM.ActiveCfg = Release|ARM
		{D353D2D4-03CB-4EBF-BB35-305D3C9E3111}.Release|ARM.Build.0 = Release|ARM
		{D353D2D4-03CB-4EBF-BB35-305D3C9E3111}.Release|ARM64.ActiveCfg = Release|ARM64
		{D353D2D4-03CB-4EBF-BB35-305D3C9E3111}.Release|ARM64.Build.0 = Release|ARM64
		{D353D2D4-03CB-4EBF-BB35-305D3C9E3111}.Release|x64.ActiveCfg = Release|x64
		{D353D2D4-03CB-4EBF-BB35-305D3C9E3111}.Release|x64.Build.0 = Release|x64
		{D353D2D4-03CB-4EBF-BB35-305D3C9E3111}.Release|x86.ActiveCfg = Release|x86
		{D353D2D4-03CB-4EBF-BB35-305D3C9E3111}.Release|x86.Build.0 = Release|x86
		{1305782D-55EC-449D-84A6-F54784E695F1}.Debug|Any CPU.ActiveCfg = Debug|Any CPU
		{1305782D-55EC-449D-84A6-F54784E695F1}.Debug|Any CPU.Build.0 = Debug|Any CPU
		{1305782D-55EC-449D-84A6-F54784E695F1}.Debug|ARM.ActiveCfg = Debug|ARM
		{1305782D-55EC-449D-84A6-F54784E695F1}.Debug|ARM.Build.0 = Debug|ARM
		{1305782D-55EC-449D-84A6-F54784E695F1}.Debug|ARM64.ActiveCfg = Debug|ARM64
		{1305782D-55EC-449D-84A6-F54784E695F1}.Debug|ARM64.Build.0 = Debug|ARM64
		{1305782D-55EC-449D-84A6-F54784E695F1}.Debug|x64.ActiveCfg = Debug|x64
		{1305782D-55EC-449D-84A6-F54784E695F1}.Debug|x64.Build.0 = Debug|x64
		{1305782D-55EC-449D-84A6-F54784E695F1}.Debug|x86.ActiveCfg = Debug|x86
		{1305782D-55EC-449D-84A6-F54784E695F1}.Debug|x86.Build.0 = Debug|x86
		{1305782D-55EC-449D-84A6-F54784E695F1}.Release|Any CPU.ActiveCfg = Release|Any CPU
		{1305782D-55EC-449D-84A6-F54784E695F1}.Release|Any CPU.Build.0 = Release|Any CPU
		{1305782D-55EC-449D-84A6-F54784E695F1}.Release|ARM.ActiveCfg = Release|ARM
		{1305782D-55EC-449D-84A6-F54784E695F1}.Release|ARM.Build.0 = Release|ARM
		{1305782D-55EC-449D-84A6-F54784E695F1}.Release|ARM64.ActiveCfg = Release|ARM64
		{1305782D-55EC-449D-84A6-F54784E695F1}.Release|ARM64.Build.0 = Release|ARM64
		{1305782D-55EC-449D-84A6-F54784E695F1}.Release|x64.ActiveCfg = Release|x64
		{1305782D-55EC-449D-84A6-F54784E695F1}.Release|x64.Build.0 = Release|x64
		{1305782D-55EC-449D-84A6-F54784E695F1}.Release|x86.ActiveCfg = Release|x86
		{1305782D-55EC-449D-84A6-F54784E695F1}.Release|x86.Build.0 = Release|x86
		{BE6AFFCB-AFA1-4DAD-8595-BA58B2A5BA8E}.Debug|Any CPU.ActiveCfg = Debug|x64
		{BE6AFFCB-AFA1-4DAD-8595-BA58B2A5BA8E}.Debug|Any CPU.Build.0 = Debug|x64
		{BE6AFFCB-AFA1-4DAD-8595-BA58B2A5BA8E}.Debug|Any CPU.Deploy.0 = Debug|x64
		{BE6AFFCB-AFA1-4DAD-8595-BA58B2A5BA8E}.Debug|ARM.ActiveCfg = Debug|ARM
		{BE6AFFCB-AFA1-4DAD-8595-BA58B2A5BA8E}.Debug|ARM.Build.0 = Debug|ARM
		{BE6AFFCB-AFA1-4DAD-8595-BA58B2A5BA8E}.Debug|ARM.Deploy.0 = Debug|ARM
		{BE6AFFCB-AFA1-4DAD-8595-BA58B2A5BA8E}.Debug|ARM64.ActiveCfg = Debug|ARM64
		{BE6AFFCB-AFA1-4DAD-8595-BA58B2A5BA8E}.Debug|ARM64.Build.0 = Debug|ARM64
		{BE6AFFCB-AFA1-4DAD-8595-BA58B2A5BA8E}.Debug|ARM64.Deploy.0 = Debug|ARM64
		{BE6AFFCB-AFA1-4DAD-8595-BA58B2A5BA8E}.Debug|x64.ActiveCfg = Debug|x64
		{BE6AFFCB-AFA1-4DAD-8595-BA58B2A5BA8E}.Debug|x64.Build.0 = Debug|x64
		{BE6AFFCB-AFA1-4DAD-8595-BA58B2A5BA8E}.Debug|x64.Deploy.0 = Debug|x64
		{BE6AFFCB-AFA1-4DAD-8595-BA58B2A5BA8E}.Debug|x86.ActiveCfg = Debug|x86
		{BE6AFFCB-AFA1-4DAD-8595-BA58B2A5BA8E}.Debug|x86.Build.0 = Debug|x86
		{BE6AFFCB-AFA1-4DAD-8595-BA58B2A5BA8E}.Debug|x86.Deploy.0 = Debug|x86
		{BE6AFFCB-AFA1-4DAD-8595-BA58B2A5BA8E}.Release|Any CPU.ActiveCfg = Release|x64
		{BE6AFFCB-AFA1-4DAD-8595-BA58B2A5BA8E}.Release|Any CPU.Build.0 = Release|x64
		{BE6AFFCB-AFA1-4DAD-8595-BA58B2A5BA8E}.Release|Any CPU.Deploy.0 = Release|x64
		{BE6AFFCB-AFA1-4DAD-8595-BA58B2A5BA8E}.Release|ARM.ActiveCfg = Release|ARM
		{BE6AFFCB-AFA1-4DAD-8595-BA58B2A5BA8E}.Release|ARM.Build.0 = Release|ARM
		{BE6AFFCB-AFA1-4DAD-8595-BA58B2A5BA8E}.Release|ARM.Deploy.0 = Release|ARM
		{BE6AFFCB-AFA1-4DAD-8595-BA58B2A5BA8E}.Release|ARM64.ActiveCfg = Release|ARM64
		{BE6AFFCB-AFA1-4DAD-8595-BA58B2A5BA8E}.Release|ARM64.Build.0 = Release|ARM64
		{BE6AFFCB-AFA1-4DAD-8595-BA58B2A5BA8E}.Release|ARM64.Deploy.0 = Release|ARM64
		{BE6AFFCB-AFA1-4DAD-8595-BA58B2A5BA8E}.Release|x64.ActiveCfg = Release|x64
		{BE6AFFCB-AFA1-4DAD-8595-BA58B2A5BA8E}.Release|x64.Build.0 = Release|x64
		{BE6AFFCB-AFA1-4DAD-8595-BA58B2A5BA8E}.Release|x64.Deploy.0 = Release|x64
		{BE6AFFCB-AFA1-4DAD-8595-BA58B2A5BA8E}.Release|x86.ActiveCfg = Release|x86
		{BE6AFFCB-AFA1-4DAD-8595-BA58B2A5BA8E}.Release|x86.Build.0 = Release|x86
		{BE6AFFCB-AFA1-4DAD-8595-BA58B2A5BA8E}.Release|x86.Deploy.0 = Release|x86
		{868FBAEA-91E7-4461-9C09-29DAEDC3CA14}.Debug|Any CPU.ActiveCfg = Debug|x64
		{868FBAEA-91E7-4461-9C09-29DAEDC3CA14}.Debug|Any CPU.Build.0 = Debug|x64
		{868FBAEA-91E7-4461-9C09-29DAEDC3CA14}.Debug|Any CPU.Deploy.0 = Debug|x64
		{868FBAEA-91E7-4461-9C09-29DAEDC3CA14}.Debug|ARM.ActiveCfg = Debug|ARM
		{868FBAEA-91E7-4461-9C09-29DAEDC3CA14}.Debug|ARM.Build.0 = Debug|ARM
		{868FBAEA-91E7-4461-9C09-29DAEDC3CA14}.Debug|ARM.Deploy.0 = Debug|ARM
		{868FBAEA-91E7-4461-9C09-29DAEDC3CA14}.Debug|ARM64.ActiveCfg = Debug|ARM64
		{868FBAEA-91E7-4461-9C09-29DAEDC3CA14}.Debug|ARM64.Build.0 = Debug|ARM64
		{868FBAEA-91E7-4461-9C09-29DAEDC3CA14}.Debug|ARM64.Deploy.0 = Debug|ARM64
		{868FBAEA-91E7-4461-9C09-29DAEDC3CA14}.Debug|x64.ActiveCfg = Debug|x64
		{868FBAEA-91E7-4461-9C09-29DAEDC3CA14}.Debug|x64.Build.0 = Debug|x64
		{868FBAEA-91E7-4461-9C09-29DAEDC3CA14}.Debug|x64.Deploy.0 = Debug|x64
		{868FBAEA-91E7-4461-9C09-29DAEDC3CA14}.Debug|x86.ActiveCfg = Debug|x86
		{868FBAEA-91E7-4461-9C09-29DAEDC3CA14}.Debug|x86.Build.0 = Debug|x86
		{868FBAEA-91E7-4461-9C09-29DAEDC3CA14}.Debug|x86.Deploy.0 = Debug|x86
		{868FBAEA-91E7-4461-9C09-29DAEDC3CA14}.Release|Any CPU.ActiveCfg = Release|x64
		{868FBAEA-91E7-4461-9C09-29DAEDC3CA14}.Release|Any CPU.Build.0 = Release|x64
		{868FBAEA-91E7-4461-9C09-29DAEDC3CA14}.Release|Any CPU.Deploy.0 = Release|x64
		{868FBAEA-91E7-4461-9C09-29DAEDC3CA14}.Release|ARM.ActiveCfg = Release|ARM
		{868FBAEA-91E7-4461-9C09-29DAEDC3CA14}.Release|ARM.Build.0 = Release|ARM
		{868FBAEA-91E7-4461-9C09-29DAEDC3CA14}.Release|ARM.Deploy.0 = Release|ARM
		{868FBAEA-91E7-4461-9C09-29DAEDC3CA14}.Release|ARM64.ActiveCfg = Release|ARM64
		{868FBAEA-91E7-4461-9C09-29DAEDC3CA14}.Release|ARM64.Build.0 = Release|ARM64
		{868FBAEA-91E7-4461-9C09-29DAEDC3CA14}.Release|ARM64.Deploy.0 = Release|ARM64
		{868FBAEA-91E7-4461-9C09-29DAEDC3CA14}.Release|x64.ActiveCfg = Release|x64
		{868FBAEA-91E7-4461-9C09-29DAEDC3CA14}.Release|x64.Build.0 = Release|x64
		{868FBAEA-91E7-4461-9C09-29DAEDC3CA14}.Release|x64.Deploy.0 = Release|x64
		{868FBAEA-91E7-4461-9C09-29DAEDC3CA14}.Release|x86.ActiveCfg = Release|x86
		{868FBAEA-91E7-4461-9C09-29DAEDC3CA14}.Release|x86.Build.0 = Release|x86
		{868FBAEA-91E7-4461-9C09-29DAEDC3CA14}.Release|x86.Deploy.0 = Release|x86
	EndGlobalSection
	GlobalSection(SolutionProperties) = preSolution
		HideSolutionNode = FALSE
	EndGlobalSection
	GlobalSection(ExtensibilityGlobals) = postSolution
		SolutionGuid = {EDDF9AA0-7989-48EC-A0AF-D593384F7D90}
	EndGlobalSection
EndGlobal
